// !$*UTF8*$!
{
	archiveVersion = 1;
	classes = {
	};
	objectVersion = 50;
	objects = {

/* Begin PBXBuildFile section */
		3F6B80DC21E4935E005DD348 /* Strideable+Extensions.swift in Sources */ = {isa = PBXBuildFile; fileRef = 3F6B80D821E4935E005DD348 /* Strideable+Extensions.swift */; };
		3F6B80DD21E4935E005DD348 /* DispatchTime+Extensions.swift in Sources */ = {isa = PBXBuildFile; fileRef = 3F6B80D921E4935E005DD348 /* DispatchTime+Extensions.swift */; };
		3F6B80DE21E4935E005DD348 /* DispatchQueue+Extensions.swift in Sources */ = {isa = PBXBuildFile; fileRef = 3F6B80DA21E4935E005DD348 /* DispatchQueue+Extensions.swift */; };
		3F6B80DF21E4935E005DD348 /* RangeReplaceableCollection+Extensions.swift in Sources */ = {isa = PBXBuildFile; fileRef = 3F6B80DB21E4935E005DD348 /* RangeReplaceableCollection+Extensions.swift */; };
		3F6B80E121E49392005DD348 /* Cancellable.swift in Sources */ = {isa = PBXBuildFile; fileRef = 3F6B80E021E49392005DD348 /* Cancellable.swift */; };
		3F6B80E721E493A7005DD348 /* Queue.swift in Sources */ = {isa = PBXBuildFile; fileRef = 3F6B80E221E493A7005DD348 /* Queue.swift */; };
		3F6B80E821E493A7005DD348 /* ObservableObject.Observer.swift in Sources */ = {isa = PBXBuildFile; fileRef = 3F6B80E321E493A7005DD348 /* ObservableObject.Observer.swift */; };
		3F6B80E921E493A7005DD348 /* ObservableObject.Observers.swift in Sources */ = {isa = PBXBuildFile; fileRef = 3F6B80E421E493A7005DD348 /* ObservableObject.Observers.swift */; };
		3F6B80EA21E493A7005DD348 /* ObservableObject.swift in Sources */ = {isa = PBXBuildFile; fileRef = 3F6B80E521E493A7005DD348 /* ObservableObject.swift */; };
		3F6B80EB21E493A7005DD348 /* AbstractCancellableProperty.swift in Sources */ = {isa = PBXBuildFile; fileRef = 3F6B80E621E493A7005DD348 /* AbstractCancellableProperty.swift */; };
		3FD1B03B21DCD6BE003D2B95 /* Optional+Extension.swift in Sources */ = {isa = PBXBuildFile; fileRef = 3FD1B03A21DCD6BE003D2B95 /* Optional+Extension.swift */; };
		3FD1B03E21DCD7EC003D2B95 /* Atomic.swift in Sources */ = {isa = PBXBuildFile; fileRef = 3FD1B03D21DCD7EC003D2B95 /* Atomic.swift */; };
		3FD1B04221DCD7F5003D2B95 /* F.swift in Sources */ = {isa = PBXBuildFile; fileRef = 3FD1B04121DCD7F5003D2B95 /* F.swift */; };
		3FD1B04421DCD82F003D2B95 /* Generator.swift in Sources */ = {isa = PBXBuildFile; fileRef = 3FD1B04321DCD82F003D2B95 /* Generator.swift */; };
		3FD1B04621DCD8D8003D2B95 /* NSLock+Extension.swift in Sources */ = {isa = PBXBuildFile; fileRef = 3FD1B04521DCD8D8003D2B95 /* NSLock+Extension.swift */; };
		3FD1B04A21DCD9BD003D2B95 /* Position.swift in Sources */ = {isa = PBXBuildFile; fileRef = 3FD1B04921DCD9BD003D2B95 /* Position.swift */; };
		3FD1B04C21DCE762003D2B95 /* CGRect+Extension.swift in Sources */ = {isa = PBXBuildFile; fileRef = 3FD1B04B21DCE762003D2B95 /* CGRect+Extension.swift */; };
		3FE6999D21DDFC43007A64B4 /* RootViewRepresentable.swift in Sources */ = {isa = PBXBuildFile; fileRef = 3FE6999C21DDFC43007A64B4 /* RootViewRepresentable.swift */; };
		3FFA600721D61BE400D8F118 /* AppDelegate.swift in Sources */ = {isa = PBXBuildFile; fileRef = 3FFA600621D61BE400D8F118 /* AppDelegate.swift */; };
		3FFA600E21D61BE600D8F118 /* Assets.xcassets in Resources */ = {isa = PBXBuildFile; fileRef = 3FFA600D21D61BE600D8F118 /* Assets.xcassets */; };
		3FFA601121D61BE600D8F118 /* LaunchScreen.storyboard in Resources */ = {isa = PBXBuildFile; fileRef = 3FFA600F21D61BE600D8F118 /* LaunchScreen.storyboard */; };
		3FFA601C21D61BE600D8F118 /* AnimationTests.swift in Sources */ = {isa = PBXBuildFile; fileRef = 3FFA601B21D61BE600D8F118 /* AnimationTests.swift */; };
		3FFA602721D61BE600D8F118 /* AnimationUITests.swift in Sources */ = {isa = PBXBuildFile; fileRef = 3FFA602621D61BE600D8F118 /* AnimationUITests.swift */; };
		3FFA604221D620FF00D8F118 /* SquareViewController.swift in Sources */ = {isa = PBXBuildFile; fileRef = 3FFA603E21D620FF00D8F118 /* SquareViewController.swift */; };
		3FFA604321D620FF00D8F118 /* SquareViewController.xib in Resources */ = {isa = PBXBuildFile; fileRef = 3FFA603F21D620FF00D8F118 /* SquareViewController.xib */; };
		3FFA604421D620FF00D8F118 /* Square.swift in Sources */ = {isa = PBXBuildFile; fileRef = 3FFA604021D620FF00D8F118 /* Square.swift */; };
		3FFA604521D620FF00D8F118 /* SquareView.swift in Sources */ = {isa = PBXBuildFile; fileRef = 3FFA604121D620FF00D8F118 /* SquareView.swift */; };
/* End PBXBuildFile section */

/* Begin PBXContainerItemProxy section */
		3FFA601821D61BE600D8F118 /* PBXContainerItemProxy */ = {
			isa = PBXContainerItemProxy;
			containerPortal = 3FFA5FFB21D61BE400D8F118 /* Project object */;
			proxyType = 1;
			remoteGlobalIDString = 3FFA600221D61BE400D8F118;
			remoteInfo = Animation;
		};
		3FFA602321D61BE600D8F118 /* PBXContainerItemProxy */ = {
			isa = PBXContainerItemProxy;
			containerPortal = 3FFA5FFB21D61BE400D8F118 /* Project object */;
			proxyType = 1;
			remoteGlobalIDString = 3FFA600221D61BE400D8F118;
			remoteInfo = Animation;
		};
/* End PBXContainerItemProxy section */

/* Begin PBXFileReference section */
		3F6B80D821E4935E005DD348 /* Strideable+Extensions.swift */ = {isa = PBXFileReference; fileEncoding = 4; lastKnownFileType = sourcecode.swift; name = "Strideable+Extensions.swift"; path = "../../../../../Martyniuk/Sources/Extensions/Strideable+Extensions.swift"; sourceTree = "<group>"; };
		3F6B80D921E4935E005DD348 /* DispatchTime+Extensions.swift */ = {isa = PBXFileReference; fileEncoding = 4; lastKnownFileType = sourcecode.swift; name = "DispatchTime+Extensions.swift"; path = "../../../../../Martyniuk/Sources/Extensions/DispatchTime+Extensions.swift"; sourceTree = "<group>"; };
		3F6B80DA21E4935E005DD348 /* DispatchQueue+Extensions.swift */ = {isa = PBXFileReference; fileEncoding = 4; lastKnownFileType = sourcecode.swift; name = "DispatchQueue+Extensions.swift"; path = "../../../../../Martyniuk/Sources/Extensions/DispatchQueue+Extensions.swift"; sourceTree = "<group>"; };
		3F6B80DB21E4935E005DD348 /* RangeReplaceableCollection+Extensions.swift */ = {isa = PBXFileReference; fileEncoding = 4; lastKnownFileType = sourcecode.swift; name = "RangeReplaceableCollection+Extensions.swift"; path = "../../../../../Martyniuk/Sources/Extensions/RangeReplaceableCollection+Extensions.swift"; sourceTree = "<group>"; };
		3F6B80E021E49392005DD348 /* Cancellable.swift */ = {isa = PBXFileReference; fileEncoding = 4; lastKnownFileType = sourcecode.swift; name = Cancellable.swift; path = ../../../../Martyniuk/Sources/Types/Cancellable.swift; sourceTree = "<group>"; };
		3F6B80E221E493A7005DD348 /* Queue.swift */ = {isa = PBXFileReference; fileEncoding = 4; lastKnownFileType = sourcecode.swift; name = Queue.swift; path = ../../../../Martyniuk/Sources/Types/Queue.swift; sourceTree = "<group>"; };
		3F6B80E321E493A7005DD348 /* ObservableObject.Observer.swift */ = {isa = PBXFileReference; fileEncoding = 4; lastKnownFileType = sourcecode.swift; name = ObservableObject.Observer.swift; path = ../../../../Martyniuk/Sources/Types/ObservableObject.Observer.swift; sourceTree = "<group>"; };
		3F6B80E421E493A7005DD348 /* ObservableObject.Observers.swift */ = {isa = PBXFileReference; fileEncoding = 4; lastKnownFileType = sourcecode.swift; name = ObservableObject.Observers.swift; path = ../../../../Martyniuk/Sources/Types/ObservableObject.Observers.swift; sourceTree = "<group>"; };
		3F6B80E521E493A7005DD348 /* ObservableObject.swift */ = {isa = PBXFileReference; fileEncoding = 4; lastKnownFileType = sourcecode.swift; name = ObservableObject.swift; path = ../../../../Martyniuk/Sources/Types/ObservableObject.swift; sourceTree = "<group>"; };
		3F6B80E621E493A7005DD348 /* AbstractCancellableProperty.swift */ = {isa = PBXFileReference; fileEncoding = 4; lastKnownFileType = sourcecode.swift; name = AbstractCancellableProperty.swift; path = ../../../../Martyniuk/Sources/Types/AbstractCancellableProperty.swift; sourceTree = "<group>"; };
		3FD1B03A21DCD6BE003D2B95 /* Optional+Extension.swift */ = {isa = PBXFileReference; lastKnownFileType = sourcecode.swift; path = "Optional+Extension.swift"; sourceTree = "<group>"; };
		3FD1B03D21DCD7EC003D2B95 /* Atomic.swift */ = {isa = PBXFileReference; fileEncoding = 4; lastKnownFileType = sourcecode.swift; name = Atomic.swift; path = ../../../../test/Animation/Lib/Types/Atomic.swift; sourceTree = "<group>"; };
		3FD1B04121DCD7F5003D2B95 /* F.swift */ = {isa = PBXFileReference; lastKnownFileType = sourcecode.swift; path = F.swift; sourceTree = "<group>"; };
		3FD1B04321DCD82F003D2B95 /* Generator.swift */ = {isa = PBXFileReference; lastKnownFileType = sourcecode.swift; path = Generator.swift; sourceTree = "<group>"; };
		3FD1B04521DCD8D8003D2B95 /* NSLock+Extension.swift */ = {isa = PBXFileReference; fileEncoding = 4; lastKnownFileType = sourcecode.swift; name = "NSLock+Extension.swift"; path = "../../../../../test/Animation/Lib/Extensions/Foundation/NSLock+Extension.swift"; sourceTree = "<group>"; };
		3FD1B04921DCD9BD003D2B95 /* Position.swift */ = {isa = PBXFileReference; lastKnownFileType = sourcecode.swift; path = Position.swift; sourceTree = "<group>"; };
		3FD1B04B21DCE762003D2B95 /* CGRect+Extension.swift */ = {isa = PBXFileReference; fileEncoding = 4; lastKnownFileType = sourcecode.swift; name = "CGRect+Extension.swift"; path = "../../../../../test/Animation/Lib/Extensions/UIKit/CGRect+Extension.swift"; sourceTree = "<group>"; };
		3FE6999C21DDFC43007A64B4 /* RootViewRepresentable.swift */ = {isa = PBXFileReference; lastKnownFileType = sourcecode.swift; path = RootViewRepresentable.swift; sourceTree = "<group>"; };
		3FFA600321D61BE400D8F118 /* Animation.app */ = {isa = PBXFileReference; explicitFileType = wrapper.application; includeInIndex = 0; path = Animation.app; sourceTree = BUILT_PRODUCTS_DIR; };
		3FFA600621D61BE400D8F118 /* AppDelegate.swift */ = {isa = PBXFileReference; lastKnownFileType = sourcecode.swift; path = AppDelegate.swift; sourceTree = "<group>"; };
		3FFA600D21D61BE600D8F118 /* Assets.xcassets */ = {isa = PBXFileReference; lastKnownFileType = folder.assetcatalog; path = Assets.xcassets; sourceTree = "<group>"; };
		3FFA601021D61BE600D8F118 /* Base */ = {isa = PBXFileReference; lastKnownFileType = file.storyboard; name = Base; path = Base.lproj/LaunchScreen.storyboard; sourceTree = "<group>"; };
		3FFA601221D61BE600D8F118 /* Info.plist */ = {isa = PBXFileReference; lastKnownFileType = text.plist.xml; path = Info.plist; sourceTree = "<group>"; };
		3FFA601721D61BE600D8F118 /* AnimationTests.xctest */ = {isa = PBXFileReference; explicitFileType = wrapper.cfbundle; includeInIndex = 0; path = AnimationTests.xctest; sourceTree = BUILT_PRODUCTS_DIR; };
		3FFA601B21D61BE600D8F118 /* AnimationTests.swift */ = {isa = PBXFileReference; lastKnownFileType = sourcecode.swift; path = AnimationTests.swift; sourceTree = "<group>"; };
		3FFA601D21D61BE600D8F118 /* Info.plist */ = {isa = PBXFileReference; lastKnownFileType = text.plist.xml; path = Info.plist; sourceTree = "<group>"; };
		3FFA602221D61BE600D8F118 /* AnimationUITests.xctest */ = {isa = PBXFileReference; explicitFileType = wrapper.cfbundle; includeInIndex = 0; path = AnimationUITests.xctest; sourceTree = BUILT_PRODUCTS_DIR; };
		3FFA602621D61BE600D8F118 /* AnimationUITests.swift */ = {isa = PBXFileReference; lastKnownFileType = sourcecode.swift; path = AnimationUITests.swift; sourceTree = "<group>"; };
		3FFA602821D61BE600D8F118 /* Info.plist */ = {isa = PBXFileReference; lastKnownFileType = text.plist.xml; path = Info.plist; sourceTree = "<group>"; };
		3FFA603E21D620FF00D8F118 /* SquareViewController.swift */ = {isa = PBXFileReference; fileEncoding = 4; lastKnownFileType = sourcecode.swift; path = SquareViewController.swift; sourceTree = "<group>"; };
		3FFA603F21D620FF00D8F118 /* SquareViewController.xib */ = {isa = PBXFileReference; fileEncoding = 4; lastKnownFileType = file.xib; path = SquareViewController.xib; sourceTree = "<group>"; };
		3FFA604021D620FF00D8F118 /* Square.swift */ = {isa = PBXFileReference; fileEncoding = 4; lastKnownFileType = sourcecode.swift; path = Square.swift; sourceTree = "<group>"; };
		3FFA604121D620FF00D8F118 /* SquareView.swift */ = {isa = PBXFileReference; fileEncoding = 4; lastKnownFileType = sourcecode.swift; path = SquareView.swift; sourceTree = "<group>"; };
/* End PBXFileReference section */

/* Begin PBXFrameworksBuildPhase section */
		3FFA600021D61BE400D8F118 /* Frameworks */ = {
			isa = PBXFrameworksBuildPhase;
			buildActionMask = 2147483647;
			files = (
			);
			runOnlyForDeploymentPostprocessing = 0;
		};
		3FFA601421D61BE600D8F118 /* Frameworks */ = {
			isa = PBXFrameworksBuildPhase;
			buildActionMask = 2147483647;
			files = (
			);
			runOnlyForDeploymentPostprocessing = 0;
		};
		3FFA601F21D61BE600D8F118 /* Frameworks */ = {
			isa = PBXFrameworksBuildPhase;
			buildActionMask = 2147483647;
			files = (
			);
			runOnlyForDeploymentPostprocessing = 0;
		};
/* End PBXFrameworksBuildPhase section */

/* Begin PBXGroup section */
		3F6B80D721E49314005DD348 /* Mixin */ = {
			isa = PBXGroup;
			children = (
				3FE6999C21DDFC43007A64B4 /* RootViewRepresentable.swift */,
			);
			path = Mixin;
			sourceTree = "<group>";
		};
		3FD1B03621DCD677003D2B95 /* Lib */ = {
			isa = PBXGroup;
			children = (
				3F6B80D721E49314005DD348 /* Mixin */,
				3FE6999B21DDFC21007A64B4 /* Protocols */,
				3FD1B03C21DCD7E0003D2B95 /* Types */,
				3FD1B03721DCD687003D2B95 /* Extensions */,
			);
			name = Lib;
			path = "New Group";
			sourceTree = "<group>";
		};
		3FD1B03721DCD687003D2B95 /* Extensions */ = {
			isa = PBXGroup;
			children = (
				3FD1B03921DCD6AC003D2B95 /* UIKit */,
				3FD1B03821DCD690003D2B95 /* Foundation */,
			);
			path = Extensions;
			sourceTree = "<group>";
		};
		3FD1B03821DCD690003D2B95 /* Foundation */ = {
			isa = PBXGroup;
			children = (
				3F6B80DA21E4935E005DD348 /* DispatchQueue+Extensions.swift */,
				3F6B80D921E4935E005DD348 /* DispatchTime+Extensions.swift */,
				3F6B80DB21E4935E005DD348 /* RangeReplaceableCollection+Extensions.swift */,
				3F6B80D821E4935E005DD348 /* Strideable+Extensions.swift */,
				3FD1B04521DCD8D8003D2B95 /* NSLock+Extension.swift */,
				3FD1B03A21DCD6BE003D2B95 /* Optional+Extension.swift */,
			);
			path = Foundation;
			sourceTree = "<group>";
		};
		3FD1B03921DCD6AC003D2B95 /* UIKit */ = {
			isa = PBXGroup;
			children = (
				3FD1B04B21DCE762003D2B95 /* CGRect+Extension.swift */,
			);
			path = UIKit;
			sourceTree = "<group>";
		};
		3FD1B03C21DCD7E0003D2B95 /* Types */ = {
			isa = PBXGroup;
			children = (
				3F6B80E621E493A7005DD348 /* AbstractCancellableProperty.swift */,
				3F6B80E321E493A7005DD348 /* ObservableObject.Observer.swift */,
				3F6B80E421E493A7005DD348 /* ObservableObject.Observers.swift */,
				3F6B80E521E493A7005DD348 /* ObservableObject.swift */,
				3F6B80E221E493A7005DD348 /* Queue.swift */,
				3F6B80E021E49392005DD348 /* Cancellable.swift */,
				3FD1B04121DCD7F5003D2B95 /* F.swift */,
				3FD1B03D21DCD7EC003D2B95 /* Atomic.swift */,
				3FD1B04321DCD82F003D2B95 /* Generator.swift */,
			);
			path = Types;
			sourceTree = "<group>";
		};
		3FD1B04721DCD967003D2B95 /* Model */ = {
			isa = PBXGroup;
			children = (
				3FD1B04921DCD9BD003D2B95 /* Position.swift */,
			);
			path = Model;
			sourceTree = "<group>";
		};
		3FD1B04821DCD979003D2B95 /* UI */ = {
			isa = PBXGroup;
			children = (
				3FFA603D21D620FF00D8F118 /* SquareViewController */,
			);
			name = UI;
			path = "New Group1";
			sourceTree = "<group>";
		};
		3FE6999B21DDFC21007A64B4 /* Protocols */ = {
			isa = PBXGroup;
			children = (
			);
			path = Protocols;
			sourceTree = "<group>";
		};
		3FFA5FFA21D61BE400D8F118 = {
			isa = PBXGroup;
			children = (
				3FFA600521D61BE400D8F118 /* Animation */,
				3FFA601A21D61BE600D8F118 /* AnimationTests */,
				3FFA602521D61BE600D8F118 /* AnimationUITests */,
				3FFA600421D61BE400D8F118 /* Products */,
			);
			sourceTree = "<group>";
		};
		3FFA600421D61BE400D8F118 /* Products */ = {
			isa = PBXGroup;
			children = (
				3FFA600321D61BE400D8F118 /* Animation.app */,
				3FFA601721D61BE600D8F118 /* AnimationTests.xctest */,
				3FFA602221D61BE600D8F118 /* AnimationUITests.xctest */,
			);
			name = Products;
			sourceTree = "<group>";
		};
		3FFA600521D61BE400D8F118 /* Animation */ = {
			isa = PBXGroup;
			children = (
				3FD1B04821DCD979003D2B95 /* UI */,
				3FD1B04721DCD967003D2B95 /* Model */,
				3FD1B03621DCD677003D2B95 /* Lib */,
				3FFA600621D61BE400D8F118 /* AppDelegate.swift */,
				3FFA600D21D61BE600D8F118 /* Assets.xcassets */,
				3FFA600F21D61BE600D8F118 /* LaunchScreen.storyboard */,
				3FFA601221D61BE600D8F118 /* Info.plist */,
			);
			path = Animation;
			sourceTree = "<group>";
		};
		3FFA601A21D61BE600D8F118 /* AnimationTests */ = {
			isa = PBXGroup;
			children = (
				3FFA601B21D61BE600D8F118 /* AnimationTests.swift */,
				3FFA601D21D61BE600D8F118 /* Info.plist */,
			);
			path = AnimationTests;
			sourceTree = "<group>";
		};
		3FFA602521D61BE600D8F118 /* AnimationUITests */ = {
			isa = PBXGroup;
			children = (
				3FFA602621D61BE600D8F118 /* AnimationUITests.swift */,
				3FFA602821D61BE600D8F118 /* Info.plist */,
			);
			path = AnimationUITests;
			sourceTree = "<group>";
		};
		3FFA603D21D620FF00D8F118 /* SquareViewController */ = {
			isa = PBXGroup;
			children = (
				3FFA603E21D620FF00D8F118 /* SquareViewController.swift */,
				3FFA603F21D620FF00D8F118 /* SquareViewController.xib */,
				3FFA604121D620FF00D8F118 /* SquareView.swift */,
				3FFA604021D620FF00D8F118 /* Square.swift */,
			);
			path = SquareViewController;
			sourceTree = "<group>";
		};
/* End PBXGroup section */

/* Begin PBXNativeTarget section */
		3FFA600221D61BE400D8F118 /* Animation */ = {
			isa = PBXNativeTarget;
			buildConfigurationList = 3FFA602B21D61BE600D8F118 /* Build configuration list for PBXNativeTarget "Animation" */;
			buildPhases = (
				3FFA5FFF21D61BE400D8F118 /* Sources */,
				3FFA600021D61BE400D8F118 /* Frameworks */,
				3FFA600121D61BE400D8F118 /* Resources */,
			);
			buildRules = (
			);
			dependencies = (
			);
			name = Animation;
			productName = Animation;
			productReference = 3FFA600321D61BE400D8F118 /* Animation.app */;
			productType = "com.apple.product-type.application";
		};
		3FFA601621D61BE600D8F118 /* AnimationTests */ = {
			isa = PBXNativeTarget;
			buildConfigurationList = 3FFA602E21D61BE600D8F118 /* Build configuration list for PBXNativeTarget "AnimationTests" */;
			buildPhases = (
				3FFA601321D61BE600D8F118 /* Sources */,
				3FFA601421D61BE600D8F118 /* Frameworks */,
				3FFA601521D61BE600D8F118 /* Resources */,
			);
			buildRules = (
			);
			dependencies = (
				3FFA601921D61BE600D8F118 /* PBXTargetDependency */,
			);
			name = AnimationTests;
			productName = AnimationTests;
			productReference = 3FFA601721D61BE600D8F118 /* AnimationTests.xctest */;
			productType = "com.apple.product-type.bundle.unit-test";
		};
		3FFA602121D61BE600D8F118 /* AnimationUITests */ = {
			isa = PBXNativeTarget;
			buildConfigurationList = 3FFA603121D61BE600D8F118 /* Build configuration list for PBXNativeTarget "AnimationUITests" */;
			buildPhases = (
				3FFA601E21D61BE600D8F118 /* Sources */,
				3FFA601F21D61BE600D8F118 /* Frameworks */,
				3FFA602021D61BE600D8F118 /* Resources */,
			);
			buildRules = (
			);
			dependencies = (
				3FFA602421D61BE600D8F118 /* PBXTargetDependency */,
			);
			name = AnimationUITests;
			productName = AnimationUITests;
			productReference = 3FFA602221D61BE600D8F118 /* AnimationUITests.xctest */;
			productType = "com.apple.product-type.bundle.ui-testing";
		};
/* End PBXNativeTarget section */

/* Begin PBXProject section */
		3FFA5FFB21D61BE400D8F118 /* Project object */ = {
			isa = PBXProject;
			attributes = {
				LastSwiftUpdateCheck = 1000;
				LastUpgradeCheck = 1000;
				ORGANIZATIONNAME = Student;
				TargetAttributes = {
					3FFA600221D61BE400D8F118 = {
						CreatedOnToolsVersion = 10.0;
					};
					3FFA601621D61BE600D8F118 = {
						CreatedOnToolsVersion = 10.0;
						TestTargetID = 3FFA600221D61BE400D8F118;
					};
					3FFA602121D61BE600D8F118 = {
						CreatedOnToolsVersion = 10.0;
						TestTargetID = 3FFA600221D61BE400D8F118;
					};
				};
			};
			buildConfigurationList = 3FFA5FFE21D61BE400D8F118 /* Build configuration list for PBXProject "Animation" */;
			compatibilityVersion = "Xcode 9.3";
			developmentRegion = en;
			hasScannedForEncodings = 0;
			knownRegions = (
				en,
				Base,
			);
			mainGroup = 3FFA5FFA21D61BE400D8F118;
			productRefGroup = 3FFA600421D61BE400D8F118 /* Products */;
			projectDirPath = "";
			projectRoot = "";
			targets = (
				3FFA600221D61BE400D8F118 /* Animation */,
				3FFA601621D61BE600D8F118 /* AnimationTests */,
				3FFA602121D61BE600D8F118 /* AnimationUITests */,
			);
		};
/* End PBXProject section */

/* Begin PBXResourcesBuildPhase section */
		3FFA600121D61BE400D8F118 /* Resources */ = {
			isa = PBXResourcesBuildPhase;
			buildActionMask = 2147483647;
			files = (
				3FFA601121D61BE600D8F118 /* LaunchScreen.storyboard in Resources */,
				3FFA604321D620FF00D8F118 /* SquareViewController.xib in Resources */,
				3FFA600E21D61BE600D8F118 /* Assets.xcassets in Resources */,
			);
			runOnlyForDeploymentPostprocessing = 0;
		};
		3FFA601521D61BE600D8F118 /* Resources */ = {
			isa = PBXResourcesBuildPhase;
			buildActionMask = 2147483647;
			files = (
			);
			runOnlyForDeploymentPostprocessing = 0;
		};
		3FFA602021D61BE600D8F118 /* Resources */ = {
			isa = PBXResourcesBuildPhase;
			buildActionMask = 2147483647;
			files = (
			);
			runOnlyForDeploymentPostprocessing = 0;
		};
/* End PBXResourcesBuildPhase section */

/* Begin PBXSourcesBuildPhase section */
		3FFA5FFF21D61BE400D8F118 /* Sources */ = {
			isa = PBXSourcesBuildPhase;
			buildActionMask = 2147483647;
			files = (
				3FD1B04221DCD7F5003D2B95 /* F.swift in Sources */,
				3F6B80EB21E493A7005DD348 /* AbstractCancellableProperty.swift in Sources */,
				3FE6999D21DDFC43007A64B4 /* RootViewRepresentable.swift in Sources */,
				3FD1B04621DCD8D8003D2B95 /* NSLock+Extension.swift in Sources */,
				3F6B80E821E493A7005DD348 /* ObservableObject.Observer.swift in Sources */,
				3F6B80E921E493A7005DD348 /* ObservableObject.Observers.swift in Sources */,
				3F6B80DE21E4935E005DD348 /* DispatchQueue+Extensions.swift in Sources */,
				3FD1B04421DCD82F003D2B95 /* Generator.swift in Sources */,
				3FFA600721D61BE400D8F118 /* AppDelegate.swift in Sources */,
				3F6B80E121E49392005DD348 /* Cancellable.swift in Sources */,
				3F6B80E721E493A7005DD348 /* Queue.swift in Sources */,
				3FFA604421D620FF00D8F118 /* Square.swift in Sources */,
				3F6B80EA21E493A7005DD348 /* ObservableObject.swift in Sources */,
				3FD1B04C21DCE762003D2B95 /* CGRect+Extension.swift in Sources */,
				3FD1B03B21DCD6BE003D2B95 /* Optional+Extension.swift in Sources */,
				3FFA604521D620FF00D8F118 /* SquareView.swift in Sources */,
				3F6B80DF21E4935E005DD348 /* RangeReplaceableCollection+Extensions.swift in Sources */,
				3FD1B03E21DCD7EC003D2B95 /* Atomic.swift in Sources */,
				3F6B80DD21E4935E005DD348 /* DispatchTime+Extensions.swift in Sources */,
				3FD1B04A21DCD9BD003D2B95 /* Position.swift in Sources */,
				3F6B80DC21E4935E005DD348 /* Strideable+Extensions.swift in Sources */,
				3FFA604221D620FF00D8F118 /* SquareViewController.swift in Sources */,
			);
			runOnlyForDeploymentPostprocessing = 0;
		};
		3FFA601321D61BE600D8F118 /* Sources */ = {
			isa = PBXSourcesBuildPhase;
			buildActionMask = 2147483647;
			files = (
				3FFA601C21D61BE600D8F118 /* AnimationTests.swift in Sources */,
			);
			runOnlyForDeploymentPostprocessing = 0;
		};
		3FFA601E21D61BE600D8F118 /* Sources */ = {
			isa = PBXSourcesBuildPhase;
			buildActionMask = 2147483647;
			files = (
				3FFA602721D61BE600D8F118 /* AnimationUITests.swift in Sources */,
			);
			runOnlyForDeploymentPostprocessing = 0;
		};
/* End PBXSourcesBuildPhase section */

/* Begin PBXTargetDependency section */
		3FFA601921D61BE600D8F118 /* PBXTargetDependency */ = {
			isa = PBXTargetDependency;
			target = 3FFA600221D61BE400D8F118 /* Animation */;
			targetProxy = 3FFA601821D61BE600D8F118 /* PBXContainerItemProxy */;
		};
		3FFA602421D61BE600D8F118 /* PBXTargetDependency */ = {
			isa = PBXTargetDependency;
			target = 3FFA600221D61BE400D8F118 /* Animation */;
			targetProxy = 3FFA602321D61BE600D8F118 /* PBXContainerItemProxy */;
		};
/* End PBXTargetDependency section */

/* Begin PBXVariantGroup section */
		3FFA600F21D61BE600D8F118 /* LaunchScreen.storyboard */ = {
			isa = PBXVariantGroup;
			children = (
				3FFA601021D61BE600D8F118 /* Base */,
			);
			name = LaunchScreen.storyboard;
			sourceTree = "<group>";
		};
/* End PBXVariantGroup section */

/* Begin XCBuildConfiguration section */
		3FFA602921D61BE600D8F118 /* Debug */ = {
			isa = XCBuildConfiguration;
			buildSettings = {
				ALWAYS_SEARCH_USER_PATHS = NO;
				CLANG_ANALYZER_NONNULL = YES;
				CLANG_ANALYZER_NUMBER_OBJECT_CONVERSION = YES_AGGRESSIVE;
				CLANG_CXX_LANGUAGE_STANDARD = "gnu++14";
				CLANG_CXX_LIBRARY = "libc++";
				CLANG_ENABLE_MODULES = YES;
				CLANG_ENABLE_OBJC_ARC = YES;
				CLANG_ENABLE_OBJC_WEAK = YES;
				CLANG_WARN_BLOCK_CAPTURE_AUTORELEASING = YES;
				CLANG_WARN_BOOL_CONVERSION = YES;
				CLANG_WARN_COMMA = YES;
				CLANG_WARN_CONSTANT_CONVERSION = YES;
				CLANG_WARN_DEPRECATED_OBJC_IMPLEMENTATIONS = YES;
				CLANG_WARN_DIRECT_OBJC_ISA_USAGE = YES_ERROR;
				CLANG_WARN_DOCUMENTATION_COMMENTS = YES;
				CLANG_WARN_EMPTY_BODY = YES;
				CLANG_WARN_ENUM_CONVERSION = YES;
				CLANG_WARN_INFINITE_RECURSION = YES;
				CLANG_WARN_INT_CONVERSION = YES;
				CLANG_WARN_NON_LITERAL_NULL_CONVERSION = YES;
				CLANG_WARN_OBJC_IMPLICIT_RETAIN_SELF = YES;
				CLANG_WARN_OBJC_LITERAL_CONVERSION = YES;
				CLANG_WARN_OBJC_ROOT_CLASS = YES_ERROR;
				CLANG_WARN_RANGE_LOOP_ANALYSIS = YES;
				CLANG_WARN_STRICT_PROTOTYPES = YES;
				CLANG_WARN_SUSPICIOUS_MOVE = YES;
				CLANG_WARN_UNGUARDED_AVAILABILITY = YES_AGGRESSIVE;
				CLANG_WARN_UNREACHABLE_CODE = YES;
				CLANG_WARN__DUPLICATE_METHOD_MATCH = YES;
				CODE_SIGN_IDENTITY = "iPhone Developer";
				COPY_PHASE_STRIP = NO;
				DEBUG_INFORMATION_FORMAT = dwarf;
				ENABLE_STRICT_OBJC_MSGSEND = YES;
				ENABLE_TESTABILITY = YES;
				GCC_C_LANGUAGE_STANDARD = gnu11;
				GCC_DYNAMIC_NO_PIC = NO;
				GCC_NO_COMMON_BLOCKS = YES;
				GCC_OPTIMIZATION_LEVEL = 0;
				GCC_PREPROCESSOR_DEFINITIONS = (
					"DEBUG=1",
					"$(inherited)",
				);
				GCC_WARN_64_TO_32_BIT_CONVERSION = YES;
				GCC_WARN_ABOUT_RETURN_TYPE = YES_ERROR;
				GCC_WARN_UNDECLARED_SELECTOR = YES;
				GCC_WARN_UNINITIALIZED_AUTOS = YES_AGGRESSIVE;
				GCC_WARN_UNUSED_FUNCTION = YES;
				GCC_WARN_UNUSED_VARIABLE = YES;
				IPHONEOS_DEPLOYMENT_TARGET = 12.0;
				MTL_ENABLE_DEBUG_INFO = INCLUDE_SOURCE;
				MTL_FAST_MATH = YES;
				ONLY_ACTIVE_ARCH = YES;
				SDKROOT = iphoneos;
				SWIFT_ACTIVE_COMPILATION_CONDITIONS = DEBUG;
				SWIFT_OPTIMIZATION_LEVEL = "-Onone";
			};
			name = Debug;
		};
		3FFA602A21D61BE600D8F118 /* Release */ = {
			isa = XCBuildConfiguration;
			buildSettings = {
				ALWAYS_SEARCH_USER_PATHS = NO;
				CLANG_ANALYZER_NONNULL = YES;
				CLANG_ANALYZER_NUMBER_OBJECT_CONVERSION = YES_AGGRESSIVE;
				CLANG_CXX_LANGUAGE_STANDARD = "gnu++14";
				CLANG_CXX_LIBRARY = "libc++";
				CLANG_ENABLE_MODULES = YES;
				CLANG_ENABLE_OBJC_ARC = YES;
				CLANG_ENABLE_OBJC_WEAK = YES;
				CLANG_WARN_BLOCK_CAPTURE_AUTORELEASING = YES;
				CLANG_WARN_BOOL_CONVERSION = YES;
				CLANG_WARN_COMMA = YES;
				CLANG_WARN_CONSTANT_CONVERSION = YES;
				CLANG_WARN_DEPRECATED_OBJC_IMPLEMENTATIONS = YES;
				CLANG_WARN_DIRECT_OBJC_ISA_USAGE = YES_ERROR;
				CLANG_WARN_DOCUMENTATION_COMMENTS = YES;
				CLANG_WARN_EMPTY_BODY = YES;
				CLANG_WARN_ENUM_CONVERSION = YES;
				CLANG_WARN_INFINITE_RECURSION = YES;
				CLANG_WARN_INT_CONVERSION = YES;
				CLANG_WARN_NON_LITERAL_NULL_CONVERSION = YES;
				CLANG_WARN_OBJC_IMPLICIT_RETAIN_SELF = YES;
				CLANG_WARN_OBJC_LITERAL_CONVERSION = YES;
				CLANG_WARN_OBJC_ROOT_CLASS = YES_ERROR;
				CLANG_WARN_RANGE_LOOP_ANALYSIS = YES;
				CLANG_WARN_STRICT_PROTOTYPES = YES;
				CLANG_WARN_SUSPICIOUS_MOVE = YES;
				CLANG_WARN_UNGUARDED_AVAILABILITY = YES_AGGRESSIVE;
				CLANG_WARN_UNREACHABLE_CODE = YES;
				CLANG_WARN__DUPLICATE_METHOD_MATCH = YES;
				CODE_SIGN_IDENTITY = "iPhone Developer";
				COPY_PHASE_STRIP = NO;
				DEBUG_INFORMATION_FORMAT = "dwarf-with-dsym";
				ENABLE_NS_ASSERTIONS = NO;
				ENABLE_STRICT_OBJC_MSGSEND = YES;
				GCC_C_LANGUAGE_STANDARD = gnu11;
				GCC_NO_COMMON_BLOCKS = YES;
				GCC_WARN_64_TO_32_BIT_CONVERSION = YES;
				GCC_WARN_ABOUT_RETURN_TYPE = YES_ERROR;
				GCC_WARN_UNDECLARED_SELECTOR = YES;
				GCC_WARN_UNINITIALIZED_AUTOS = YES_AGGRESSIVE;
				GCC_WARN_UNUSED_FUNCTION = YES;
				GCC_WARN_UNUSED_VARIABLE = YES;
				IPHONEOS_DEPLOYMENT_TARGET = 12.0;
				MTL_ENABLE_DEBUG_INFO = NO;
				MTL_FAST_MATH = YES;
				SDKROOT = iphoneos;
				SWIFT_COMPILATION_MODE = wholemodule;
				SWIFT_OPTIMIZATION_LEVEL = "-O";
				VALIDATE_PRODUCT = YES;
			};
			name = Release;
		};
		3FFA602C21D61BE600D8F118 /* Debug */ = {
			isa = XCBuildConfiguration;
			buildSettings = {
				ASSETCATALOG_COMPILER_APPICON_NAME = AppIcon;
				CODE_SIGN_STYLE = Automatic;
				DEVELOPMENT_TEAM = BDGN29TYRX;
				INFOPLIST_FILE = Animation/Info.plist;
				LD_RUNPATH_SEARCH_PATHS = (
					"$(inherited)",
					"@executable_path/Frameworks",
				);
				PRODUCT_BUNDLE_IDENTIFIER = IDAP.Animation;
				PRODUCT_NAME = "$(TARGET_NAME)";
				SWIFT_VERSION = 4.2;
				TARGETED_DEVICE_FAMILY = "1,2";
			};
			name = Debug;
		};
		3FFA602D21D61BE600D8F118 /* Release */ = {
			isa = XCBuildConfiguration;
			buildSettings = {
				ASSETCATALOG_COMPILER_APPICON_NAME = AppIcon;
				CODE_SIGN_STYLE = Automatic;
				DEVELOPMENT_TEAM = BDGN29TYRX;
				INFOPLIST_FILE = Animation/Info.plist;
				LD_RUNPATH_SEARCH_PATHS = (
					"$(inherited)",
					"@executable_path/Frameworks",
				);
				PRODUCT_BUNDLE_IDENTIFIER = IDAP.Animation;
				PRODUCT_NAME = "$(TARGET_NAME)";
				SWIFT_VERSION = 4.2;
				TARGETED_DEVICE_FAMILY = "1,2";
			};
			name = Release;
		};
		3FFA602F21D61BE600D8F118 /* Debug */ = {
			isa = XCBuildConfiguration;
			buildSettings = {
				ALWAYS_EMBED_SWIFT_STANDARD_LIBRARIES = YES;
				BUNDLE_LOADER = "$(TEST_HOST)";
				CODE_SIGN_STYLE = Automatic;
				DEVELOPMENT_TEAM = BDGN29TYRX;
				INFOPLIST_FILE = AnimationTests/Info.plist;
				LD_RUNPATH_SEARCH_PATHS = (
					"$(inherited)",
					"@executable_path/Frameworks",
					"@loader_path/Frameworks",
				);
				PRODUCT_BUNDLE_IDENTIFIER = IDAP.AnimationTests;
				PRODUCT_NAME = "$(TARGET_NAME)";
				SWIFT_VERSION = 4.2;
				TARGETED_DEVICE_FAMILY = "1,2";
				TEST_HOST = "$(BUILT_PRODUCTS_DIR)/Animation.app/Animation";
			};
			name = Debug;
		};
		3FFA603021D61BE600D8F118 /* Release */ = {
			isa = XCBuildConfiguration;
			buildSettings = {
				ALWAYS_EMBED_SWIFT_STANDARD_LIBRARIES = YES;
				BUNDLE_LOADER = "$(TEST_HOST)";
				CODE_SIGN_STYLE = Automatic;
				DEVELOPMENT_TEAM = BDGN29TYRX;
				INFOPLIST_FILE = AnimationTests/Info.plist;
				LD_RUNPATH_SEARCH_PATHS = (
					"$(inherited)",
					"@executable_path/Frameworks",
					"@loader_path/Frameworks",
				);
				PRODUCT_BUNDLE_IDENTIFIER = IDAP.AnimationTests;
				PRODUCT_NAME = "$(TARGET_NAME)";
				SWIFT_VERSION = 4.2;
				TARGETED_DEVICE_FAMILY = "1,2";
				TEST_HOST = "$(BUILT_PRODUCTS_DIR)/Animation.app/Animation";
			};
			name = Release;
		};
		3FFA603221D61BE600D8F118 /* Debug */ = {
			isa = XCBuildConfiguration;
			buildSettings = {
				ALWAYS_EMBED_SWIFT_STANDARD_LIBRARIES = YES;
				CODE_SIGN_STYLE = Automatic;
				DEVELOPMENT_TEAM = BDGN29TYRX;
				INFOPLIST_FILE = AnimationUITests/Info.plist;
				LD_RUNPATH_SEARCH_PATHS = (
					"$(inherited)",
					"@executable_path/Frameworks",
					"@loader_path/Frameworks",
				);
				PRODUCT_BUNDLE_IDENTIFIER = IDAP.AnimationUITests;
				PRODUCT_NAME = "$(TARGET_NAME)";
				SWIFT_VERSION = 4.2;
				TARGETED_DEVICE_FAMILY = "1,2";
				TEST_TARGET_NAME = Animation;
			};
			name = Debug;
		};
		3FFA603321D61BE600D8F118 /* Release */ = {
			isa = XCBuildConfiguration;
			buildSettings = {
				ALWAYS_EMBED_SWIFT_STANDARD_LIBRARIES = YES;
				CODE_SIGN_STYLE = Automatic;
				DEVELOPMENT_TEAM = BDGN29TYRX;
				INFOPLIST_FILE = AnimationUITests/Info.plist;
				LD_RUNPATH_SEARCH_PATHS = (
					"$(inherited)",
					"@executable_path/Frameworks",
					"@loader_path/Frameworks",
				);
				PRODUCT_BUNDLE_IDENTIFIER = IDAP.AnimationUITests;
				PRODUCT_NAME = "$(TARGET_NAME)";
				SWIFT_VERSION = 4.2;
				TARGETED_DEVICE_FAMILY = "1,2";
				TEST_TARGET_NAME = Animation;
			};
			name = Release;
		};
/* End XCBuildConfiguration section */

/* Begin XCConfigurationList section */
		3FFA5FFE21D61BE400D8F118 /* Build configuration list for PBXProject "Animation" */ = {
			isa = XCConfigurationList;
			buildConfigurations = (
				3FFA602921D61BE600D8F118 /* Debug */,
				3FFA602A21D61BE600D8F118 /* Release */,
			);
			defaultConfigurationIsVisible = 0;
			defaultConfigurationName = Release;
		};
		3FFA602B21D61BE600D8F118 /* Build configuration list for PBXNativeTarget "Animation" */ = {
			isa = XCConfigurationList;
			buildConfigurations = (
				3FFA602C21D61BE600D8F118 /* Debug */,
				3FFA602D21D61BE600D8F118 /* Release */,
			);
			defaultConfigurationIsVisible = 0;
			defaultConfigurationName = Release;
		};
		3FFA602E21D61BE600D8F118 /* Build configuration list for PBXNativeTarget "AnimationTests" */ = {
			isa = XCConfigurationList;
			buildConfigurations = (
				3FFA602F21D61BE600D8F118 /* Debug */,
				3FFA603021D61BE600D8F118 /* Release */,
			);
			defaultConfigurationIsVisible = 0;
			defaultConfigurationName = Release;
		};
		3FFA603121D61BE600D8F118 /* Build configuration list for PBXNativeTarget "AnimationUITests" */ = {
			isa = XCConfigurationList;
			buildConfigurations = (
				3FFA603221D61BE600D8F118 /* Debug */,
				3FFA603321D61BE600D8F118 /* Release */,
			);
			defaultConfigurationIsVisible = 0;
			defaultConfigurationName = Release;
		};
/* End XCConfigurationList section */
	};
	rootObject = 3FFA5FFB21D61BE400D8F118 /* Project object */;
}
